// !$*UTF8*$!
{
	archiveVersion = 1;
	classes = {
	};
	objectVersion = 46;
	objects = {

/* Begin PBXBuildFile section */
		C41D70921F5BE24E0095727C /* Player.atlas in Resources */ = {isa = PBXBuildFile; fileRef = C41D70911F5BE24E0095727C /* Player.atlas */; };
		C47E2C271F5AA3BE0001BC8A /* AppDelegate.swift in Sources */ = {isa = PBXBuildFile; fileRef = C47E2C261F5AA3BE0001BC8A /* AppDelegate.swift */; };
		C47E2C291F5AA3BE0001BC8A /* GameScene.sks in Resources */ = {isa = PBXBuildFile; fileRef = C47E2C281F5AA3BE0001BC8A /* GameScene.sks */; };
		C47E2C2B1F5AA3BE0001BC8A /* Actions.sks in Resources */ = {isa = PBXBuildFile; fileRef = C47E2C2A1F5AA3BE0001BC8A /* Actions.sks */; };
		C47E2C2D1F5AA3BE0001BC8A /* GameScene.swift in Sources */ = {isa = PBXBuildFile; fileRef = C47E2C2C1F5AA3BE0001BC8A /* GameScene.swift */; };
		C47E2C2F1F5AA3BE0001BC8A /* GameViewController.swift in Sources */ = {isa = PBXBuildFile; fileRef = C47E2C2E1F5AA3BE0001BC8A /* GameViewController.swift */; };
		C47E2C321F5AA3BE0001BC8A /* Main.storyboard in Resources */ = {isa = PBXBuildFile; fileRef = C47E2C301F5AA3BE0001BC8A /* Main.storyboard */; };
		C47E2C341F5AA3BE0001BC8A /* Assets.xcassets in Resources */ = {isa = PBXBuildFile; fileRef = C47E2C331F5AA3BE0001BC8A /* Assets.xcassets */; };
		C47E2C371F5AA3BE0001BC8A /* LaunchScreen.storyboard in Resources */ = {isa = PBXBuildFile; fileRef = C47E2C351F5AA3BE0001BC8A /* LaunchScreen.storyboard */; };
		C47E2C421F5AA3BE0001BC8A /* Jack_The_GiantTests.swift in Sources */ = {isa = PBXBuildFile; fileRef = C47E2C411F5AA3BE0001BC8A /* Jack_The_GiantTests.swift */; };
		C47E2C4D1F5AA3BE0001BC8A /* Jack_The_GiantUITests.swift in Sources */ = {isa = PBXBuildFile; fileRef = C47E2C4C1F5AA3BE0001BC8A /* Jack_The_GiantUITests.swift */; };
		C47E2C861F5AA4D90001BC8A /* Pause Menu.png in Resources */ = {isa = PBXBuildFile; fileRef = C47E2C5C1F5AA4D90001BC8A /* Pause Menu.png */; };
		C47E2C871F5AA4D90001BC8A /* Quit Button 2.png in Resources */ = {isa = PBXBuildFile; fileRef = C47E2C5D1F5AA4D90001BC8A /* Quit Button 2.png */; };
		C47E2C881F5AA4D90001BC8A /* Resume Button.png in Resources */ = {isa = PBXBuildFile; fileRef = C47E2C5E1F5AA4D90001BC8A /* Resume Button.png */; };
		C47E2C891F5AA4D90001BC8A /* Show Score.png in Resources */ = {isa = PBXBuildFile; fileRef = C47E2C5F1F5AA4D90001BC8A /* Show Score.png */; };
		C47E2C8A1F5AA4D90001BC8A /* Coin.png in Resources */ = {isa = PBXBuildFile; fileRef = C47E2C611F5AA4D90001BC8A /* Coin.png */; };
		C47E2C8B1F5AA4D90001BC8A /* Life.png in Resources */ = {isa = PBXBuildFile; fileRef = C47E2C621F5AA4D90001BC8A /* Life.png */; };
		C47E2C8C1F5AA4D90001BC8A /* Cloud 1.png in Resources */ = {isa = PBXBuildFile; fileRef = C47E2C641F5AA4D90001BC8A /* Cloud 1.png */; };
		C47E2C8D1F5AA4D90001BC8A /* Cloud 2.png in Resources */ = {isa = PBXBuildFile; fileRef = C47E2C651F5AA4D90001BC8A /* Cloud 2.png */; };
		C47E2C8E1F5AA4D90001BC8A /* Cloud 3.png in Resources */ = {isa = PBXBuildFile; fileRef = C47E2C661F5AA4D90001BC8A /* Cloud 3.png */; };
		C47E2C8F1F5AA4D90001BC8A /* Dark Cloud.png in Resources */ = {isa = PBXBuildFile; fileRef = C47E2C671F5AA4D90001BC8A /* Dark Cloud.png */; };
		C47E2C901F5AA4D90001BC8A /* blow.ttf in Resources */ = {isa = PBXBuildFile; fileRef = C47E2C691F5AA4D90001BC8A /* blow.ttf */; };
		C47E2C911F5AA4D90001BC8A /* Background music.mp3 in Resources */ = {isa = PBXBuildFile; fileRef = C47E2C6B1F5AA4D90001BC8A /* Background music.mp3 */; };
		C47E2C921F5AA4D90001BC8A /* Click Sound.wav in Resources */ = {isa = PBXBuildFile; fileRef = C47E2C6C1F5AA4D90001BC8A /* Click Sound.wav */; };
		C47E2C931F5AA4D90001BC8A /* Coin Sound.wav in Resources */ = {isa = PBXBuildFile; fileRef = C47E2C6D1F5AA4D90001BC8A /* Coin Sound.wav */; };
		C47E2C941F5AA4D90001BC8A /* Life Sound.wav in Resources */ = {isa = PBXBuildFile; fileRef = C47E2C6E1F5AA4D90001BC8A /* Life Sound.wav */; };
		C47E2C951F5AA4D90001BC8A /* Game BG.png in Resources */ = {isa = PBXBuildFile; fileRef = C47E2C701F5AA4D90001BC8A /* Game BG.png */; };
		C47E2C961F5AA4D90001BC8A /* Highscore BG.png in Resources */ = {isa = PBXBuildFile; fileRef = C47E2C711F5AA4D90001BC8A /* Highscore BG.png */; };
		C47E2C971F5AA4D90001BC8A /* Menu BG.png in Resources */ = {isa = PBXBuildFile; fileRef = C47E2C721F5AA4D90001BC8A /* Menu BG.png */; };
		C47E2C981F5AA4D90001BC8A /* Options BG.png in Resources */ = {isa = PBXBuildFile; fileRef = C47E2C731F5AA4D90001BC8A /* Options BG.png */; };
		C47E2C991F5AA4D90001BC8A /* Pause Button.png in Resources */ = {isa = PBXBuildFile; fileRef = C47E2C761F5AA4D90001BC8A /* Pause Button.png */; };
		C47E2C9A1F5AA4D90001BC8A /* Ready.png in Resources */ = {isa = PBXBuildFile; fileRef = C47E2C771F5AA4D90001BC8A /* Ready.png */; };
		C47E2C9B1F5AA4D90001BC8A /* Score.png in Resources */ = {isa = PBXBuildFile; fileRef = C47E2C781F5AA4D90001BC8A /* Score.png */; };
		C47E2C9C1F5AA4D90001BC8A /* Back Button.png in Resources */ = {isa = PBXBuildFile; fileRef = C47E2C7A1F5AA4D90001BC8A /* Back Button.png */; };
		C47E2C9D1F5AA4D90001BC8A /* Check Sign.png in Resources */ = {isa = PBXBuildFile; fileRef = C47E2C7B1F5AA4D90001BC8A /* Check Sign.png */; };
		C47E2C9E1F5AA4D90001BC8A /* Easy Button.png in Resources */ = {isa = PBXBuildFile; fileRef = C47E2C7C1F5AA4D90001BC8A /* Easy Button.png */; };
		C47E2C9F1F5AA4D90001BC8A /* Hard Button.png in Resources */ = {isa = PBXBuildFile; fileRef = C47E2C7D1F5AA4D90001BC8A /* Hard Button.png */; };
		C47E2CA01F5AA4D90001BC8A /* Medium Button.png in Resources */ = {isa = PBXBuildFile; fileRef = C47E2C7E1F5AA4D90001BC8A /* Medium Button.png */; };
		C47E2CA11F5AA4D90001BC8A /* Highscore Button.png in Resources */ = {isa = PBXBuildFile; fileRef = C47E2C801F5AA4D90001BC8A /* Highscore Button.png */; };
		C47E2CA21F5AA4D90001BC8A /* Music Off Button.png in Resources */ = {isa = PBXBuildFile; fileRef = C47E2C811F5AA4D90001BC8A /* Music Off Button.png */; };
		C47E2CA31F5AA4D90001BC8A /* Music On Button.png in Resources */ = {isa = PBXBuildFile; fileRef = C47E2C821F5AA4D90001BC8A /* Music On Button.png */; };
		C47E2CA41F5AA4D90001BC8A /* Options Button.png in Resources */ = {isa = PBXBuildFile; fileRef = C47E2C831F5AA4D90001BC8A /* Options Button.png */; };
		C47E2CA51F5AA4D90001BC8A /* Quit Button.png in Resources */ = {isa = PBXBuildFile; fileRef = C47E2C841F5AA4D90001BC8A /* Quit Button.png */; };
		C47E2CA61F5AA4D90001BC8A /* Start Game Button.png in Resources */ = {isa = PBXBuildFile; fileRef = C47E2C851F5AA4D90001BC8A /* Start Game Button.png */; };
		C47E2CA91F5B00310001BC8A /* GameplayScene.sks in Resources */ = {isa = PBXBuildFile; fileRef = C47E2CA81F5B00310001BC8A /* GameplayScene.sks */; };
		C47E2CAD1F5B03430001BC8A /* GameplayScene.swift in Sources */ = {isa = PBXBuildFile; fileRef = C47E2CAC1F5B03430001BC8A /* GameplayScene.swift */; };
		C47E2CB91F5B05040001BC8A /* Player 1.png in Resources */ = {isa = PBXBuildFile; fileRef = C47E2CB11F5B05040001BC8A /* Player 1.png */; };
		C47E2CBA1F5B05040001BC8A /* Player 2.png in Resources */ = {isa = PBXBuildFile; fileRef = C47E2CB21F5B05040001BC8A /* Player 2.png */; };
		C47E2CBB1F5B05040001BC8A /* Player 3.png in Resources */ = {isa = PBXBuildFile; fileRef = C47E2CB31F5B05040001BC8A /* Player 3.png */; };
		C47E2CBC1F5B05040001BC8A /* Player 4.png in Resources */ = {isa = PBXBuildFile; fileRef = C47E2CB41F5B05040001BC8A /* Player 4.png */; };
		C47E2CBD1F5B05040001BC8A /* Player 5.png in Resources */ = {isa = PBXBuildFile; fileRef = C47E2CB51F5B05040001BC8A /* Player 5.png */; };
		C47E2CBE1F5B05040001BC8A /* Player 6.png in Resources */ = {isa = PBXBuildFile; fileRef = C47E2CB61F5B05040001BC8A /* Player 6.png */; };
		C47E2CBF1F5B05040001BC8A /* Player 7.png in Resources */ = {isa = PBXBuildFile; fileRef = C47E2CB71F5B05040001BC8A /* Player 7.png */; };
		C47E2CC01F5B05040001BC8A /* Player 8.png in Resources */ = {isa = PBXBuildFile; fileRef = C47E2CB81F5B05040001BC8A /* Player 8.png */; };
		C47E2CC31F5B0D940001BC8A /* Player.swift in Sources */ = {isa = PBXBuildFile; fileRef = C47E2CC21F5B0D940001BC8A /* Player.swift */; };
/* End PBXBuildFile section */

/* Begin PBXContainerItemProxy section */
		C47E2C3E1F5AA3BE0001BC8A /* PBXContainerItemProxy */ = {
			isa = PBXContainerItemProxy;
			containerPortal = C47E2C1B1F5AA3BE0001BC8A /* Project object */;
			proxyType = 1;
			remoteGlobalIDString = C47E2C221F5AA3BE0001BC8A;
			remoteInfo = "Jack The Giant";
		};
		C47E2C491F5AA3BE0001BC8A /* PBXContainerItemProxy */ = {
			isa = PBXContainerItemProxy;
			containerPortal = C47E2C1B1F5AA3BE0001BC8A /* Project object */;
			proxyType = 1;
			remoteGlobalIDString = C47E2C221F5AA3BE0001BC8A;
			remoteInfo = "Jack The Giant";
		};
/* End PBXContainerItemProxy section */

/* Begin PBXFileReference section */
		C41D70911F5BE24E0095727C /* Player.atlas */ = {isa = PBXFileReference; lastKnownFileType = folder.skatlas; path = Player.atlas; sourceTree = "<group>"; };
		C47E2C231F5AA3BE0001BC8A /* Jack The Giant.app */ = {isa = PBXFileReference; explicitFileType = wrapper.application; includeInIndex = 0; path = "Jack The Giant.app"; sourceTree = BUILT_PRODUCTS_DIR; };
		C47E2C261F5AA3BE0001BC8A /* AppDelegate.swift */ = {isa = PBXFileReference; lastKnownFileType = sourcecode.swift; path = AppDelegate.swift; sourceTree = "<group>"; };
		C47E2C281F5AA3BE0001BC8A /* GameScene.sks */ = {isa = PBXFileReference; lastKnownFileType = file.sks; path = GameScene.sks; sourceTree = "<group>"; };
		C47E2C2A1F5AA3BE0001BC8A /* Actions.sks */ = {isa = PBXFileReference; lastKnownFileType = file.sks; path = Actions.sks; sourceTree = "<group>"; };
		C47E2C2C1F5AA3BE0001BC8A /* GameScene.swift */ = {isa = PBXFileReference; lastKnownFileType = sourcecode.swift; path = GameScene.swift; sourceTree = "<group>"; };
		C47E2C2E1F5AA3BE0001BC8A /* GameViewController.swift */ = {isa = PBXFileReference; lastKnownFileType = sourcecode.swift; path = GameViewController.swift; sourceTree = "<group>"; };
		C47E2C311F5AA3BE0001BC8A /* Base */ = {isa = PBXFileReference; lastKnownFileType = file.storyboard; name = Base; path = Base.lproj/Main.storyboard; sourceTree = "<group>"; };
		C47E2C331F5AA3BE0001BC8A /* Assets.xcassets */ = {isa = PBXFileReference; lastKnownFileType = folder.assetcatalog; path = Assets.xcassets; sourceTree = "<group>"; };
		C47E2C361F5AA3BE0001BC8A /* Base */ = {isa = PBXFileReference; lastKnownFileType = file.storyboard; name = Base; path = Base.lproj/LaunchScreen.storyboard; sourceTree = "<group>"; };
		C47E2C381F5AA3BE0001BC8A /* Info.plist */ = {isa = PBXFileReference; lastKnownFileType = text.plist.xml; path = Info.plist; sourceTree = "<group>"; };
		C47E2C3D1F5AA3BE0001BC8A /* Jack The GiantTests.xctest */ = {isa = PBXFileReference; explicitFileType = wrapper.cfbundle; includeInIndex = 0; path = "Jack The GiantTests.xctest"; sourceTree = BUILT_PRODUCTS_DIR; };
		C47E2C411F5AA3BE0001BC8A /* Jack_The_GiantTests.swift */ = {isa = PBXFileReference; lastKnownFileType = sourcecode.swift; path = Jack_The_GiantTests.swift; sourceTree = "<group>"; };
		C47E2C431F5AA3BE0001BC8A /* Info.plist */ = {isa = PBXFileReference; lastKnownFileType = text.plist.xml; path = Info.plist; sourceTree = "<group>"; };
		C47E2C481F5AA3BE0001BC8A /* Jack The GiantUITests.xctest */ = {isa = PBXFileReference; explicitFileType = wrapper.cfbundle; includeInIndex = 0; path = "Jack The GiantUITests.xctest"; sourceTree = BUILT_PRODUCTS_DIR; };
		C47E2C4C1F5AA3BE0001BC8A /* Jack_The_GiantUITests.swift */ = {isa = PBXFileReference; lastKnownFileType = sourcecode.swift; path = Jack_The_GiantUITests.swift; sourceTree = "<group>"; };
		C47E2C4E1F5AA3BE0001BC8A /* Info.plist */ = {isa = PBXFileReference; lastKnownFileType = text.plist.xml; path = Info.plist; sourceTree = "<group>"; };
		C47E2C5C1F5AA4D90001BC8A /* Pause Menu.png */ = {isa = PBXFileReference; lastKnownFileType = image.png; path = "Pause Menu.png"; sourceTree = "<group>"; };
		C47E2C5D1F5AA4D90001BC8A /* Quit Button 2.png */ = {isa = PBXFileReference; lastKnownFileType = image.png; path = "Quit Button 2.png"; sourceTree = "<group>"; };
		C47E2C5E1F5AA4D90001BC8A /* Resume Button.png */ = {isa = PBXFileReference; lastKnownFileType = image.png; path = "Resume Button.png"; sourceTree = "<group>"; };
		C47E2C5F1F5AA4D90001BC8A /* Show Score.png */ = {isa = PBXFileReference; lastKnownFileType = image.png; path = "Show Score.png"; sourceTree = "<group>"; };
		C47E2C611F5AA4D90001BC8A /* Coin.png */ = {isa = PBXFileReference; lastKnownFileType = image.png; path = Coin.png; sourceTree = "<group>"; };
		C47E2C621F5AA4D90001BC8A /* Life.png */ = {isa = PBXFileReference; lastKnownFileType = image.png; path = Life.png; sourceTree = "<group>"; };
		C47E2C641F5AA4D90001BC8A /* Cloud 1.png */ = {isa = PBXFileReference; lastKnownFileType = image.png; path = "Cloud 1.png"; sourceTree = "<group>"; };
		C47E2C651F5AA4D90001BC8A /* Cloud 2.png */ = {isa = PBXFileReference; lastKnownFileType = image.png; path = "Cloud 2.png"; sourceTree = "<group>"; };
		C47E2C661F5AA4D90001BC8A /* Cloud 3.png */ = {isa = PBXFileReference; lastKnownFileType = image.png; path = "Cloud 3.png"; sourceTree = "<group>"; };
		C47E2C671F5AA4D90001BC8A /* Dark Cloud.png */ = {isa = PBXFileReference; lastKnownFileType = image.png; path = "Dark Cloud.png"; sourceTree = "<group>"; };
		C47E2C691F5AA4D90001BC8A /* blow.ttf */ = {isa = PBXFileReference; lastKnownFileType = file; path = blow.ttf; sourceTree = "<group>"; };
		C47E2C6B1F5AA4D90001BC8A /* Background music.mp3 */ = {isa = PBXFileReference; lastKnownFileType = audio.mp3; path = "Background music.mp3"; sourceTree = "<group>"; };
		C47E2C6C1F5AA4D90001BC8A /* Click Sound.wav */ = {isa = PBXFileReference; lastKnownFileType = audio.wav; path = "Click Sound.wav"; sourceTree = "<group>"; };
		C47E2C6D1F5AA4D90001BC8A /* Coin Sound.wav */ = {isa = PBXFileReference; lastKnownFileType = audio.wav; path = "Coin Sound.wav"; sourceTree = "<group>"; };
		C47E2C6E1F5AA4D90001BC8A /* Life Sound.wav */ = {isa = PBXFileReference; lastKnownFileType = audio.wav; path = "Life Sound.wav"; sourceTree = "<group>"; };
		C47E2C701F5AA4D90001BC8A /* Game BG.png */ = {isa = PBXFileReference; lastKnownFileType = image.png; path = "Game BG.png"; sourceTree = "<group>"; };
		C47E2C711F5AA4D90001BC8A /* Highscore BG.png */ = {isa = PBXFileReference; lastKnownFileType = image.png; path = "Highscore BG.png"; sourceTree = "<group>"; };
		C47E2C721F5AA4D90001BC8A /* Menu BG.png */ = {isa = PBXFileReference; lastKnownFileType = image.png; path = "Menu BG.png"; sourceTree = "<group>"; };
		C47E2C731F5AA4D90001BC8A /* Options BG.png */ = {isa = PBXFileReference; lastKnownFileType = image.png; path = "Options BG.png"; sourceTree = "<group>"; };
		C47E2C761F5AA4D90001BC8A /* Pause Button.png */ = {isa = PBXFileReference; lastKnownFileType = image.png; path = "Pause Button.png"; sourceTree = "<group>"; };
		C47E2C771F5AA4D90001BC8A /* Ready.png */ = {isa = PBXFileReference; lastKnownFileType = image.png; path = Ready.png; sourceTree = "<group>"; };
		C47E2C781F5AA4D90001BC8A /* Score.png */ = {isa = PBXFileReference; lastKnownFileType = image.png; path = Score.png; sourceTree = "<group>"; };
		C47E2C7A1F5AA4D90001BC8A /* Back Button.png */ = {isa = PBXFileReference; lastKnownFileType = image.png; path = "Back Button.png"; sourceTree = "<group>"; };
		C47E2C7B1F5AA4D90001BC8A /* Check Sign.png */ = {isa = PBXFileReference; lastKnownFileType = image.png; path = "Check Sign.png"; sourceTree = "<group>"; };
		C47E2C7C1F5AA4D90001BC8A /* Easy Button.png */ = {isa = PBXFileReference; lastKnownFileType = image.png; path = "Easy Button.png"; sourceTree = "<group>"; };
		C47E2C7D1F5AA4D90001BC8A /* Hard Button.png */ = {isa = PBXFileReference; lastKnownFileType = image.png; path = "Hard Button.png"; sourceTree = "<group>"; };
		C47E2C7E1F5AA4D90001BC8A /* Medium Button.png */ = {isa = PBXFileReference; lastKnownFileType = image.png; path = "Medium Button.png"; sourceTree = "<group>"; };
		C47E2C801F5AA4D90001BC8A /* Highscore Button.png */ = {isa = PBXFileReference; lastKnownFileType = image.png; path = "Highscore Button.png"; sourceTree = "<group>"; };
		C47E2C811F5AA4D90001BC8A /* Music Off Button.png */ = {isa = PBXFileReference; lastKnownFileType = image.png; path = "Music Off Button.png"; sourceTree = "<group>"; };
		C47E2C821F5AA4D90001BC8A /* Music On Button.png */ = {isa = PBXFileReference; lastKnownFileType = image.png; path = "Music On Button.png"; sourceTree = "<group>"; };
		C47E2C831F5AA4D90001BC8A /* Options Button.png */ = {isa = PBXFileReference; lastKnownFileType = image.png; path = "Options Button.png"; sourceTree = "<group>"; };
		C47E2C841F5AA4D90001BC8A /* Quit Button.png */ = {isa = PBXFileReference; lastKnownFileType = image.png; path = "Quit Button.png"; sourceTree = "<group>"; };
		C47E2C851F5AA4D90001BC8A /* Start Game Button.png */ = {isa = PBXFileReference; lastKnownFileType = image.png; path = "Start Game Button.png"; sourceTree = "<group>"; };
		C47E2CA81F5B00310001BC8A /* GameplayScene.sks */ = {isa = PBXFileReference; lastKnownFileType = file.sks; path = GameplayScene.sks; sourceTree = "<group>"; };
		C47E2CAC1F5B03430001BC8A /* GameplayScene.swift */ = {isa = PBXFileReference; fileEncoding = 4; lastKnownFileType = sourcecode.swift; path = GameplayScene.swift; sourceTree = "<group>"; };
		C47E2CB11F5B05040001BC8A /* Player 1.png */ = {isa = PBXFileReference; lastKnownFileType = image.png; path = "Player 1.png"; sourceTree = "<group>"; };
		C47E2CB21F5B05040001BC8A /* Player 2.png */ = {isa = PBXFileReference; lastKnownFileType = image.png; path = "Player 2.png"; sourceTree = "<group>"; };
		C47E2CB31F5B05040001BC8A /* Player 3.png */ = {isa = PBXFileReference; lastKnownFileType = image.png; path = "Player 3.png"; sourceTree = "<group>"; };
		C47E2CB41F5B05040001BC8A /* Player 4.png */ = {isa = PBXFileReference; lastKnownFileType = image.png; path = "Player 4.png"; sourceTree = "<group>"; };
		C47E2CB51F5B05040001BC8A /* Player 5.png */ = {isa = PBXFileReference; lastKnownFileType = image.png; path = "Player 5.png"; sourceTree = "<group>"; };
		C47E2CB61F5B05040001BC8A /* Player 6.png */ = {isa = PBXFileReference; lastKnownFileType = image.png; path = "Player 6.png"; sourceTree = "<group>"; };
		C47E2CB71F5B05040001BC8A /* Player 7.png */ = {isa = PBXFileReference; lastKnownFileType = image.png; path = "Player 7.png"; sourceTree = "<group>"; };
		C47E2CB81F5B05040001BC8A /* Player 8.png */ = {isa = PBXFileReference; lastKnownFileType = image.png; path = "Player 8.png"; sourceTree = "<group>"; };
		C47E2CC21F5B0D940001BC8A /* Player.swift */ = {isa = PBXFileReference; fileEncoding = 4; lastKnownFileType = sourcecode.swift; path = Player.swift; sourceTree = "<group>"; };
/* End PBXFileReference section */

/* Begin PBXFrameworksBuildPhase section */
		C47E2C201F5AA3BE0001BC8A /* Frameworks */ = {
			isa = PBXFrameworksBuildPhase;
			buildActionMask = 2147483647;
			files = (
			);
			runOnlyForDeploymentPostprocessing = 0;
		};
		C47E2C3A1F5AA3BE0001BC8A /* Frameworks */ = {
			isa = PBXFrameworksBuildPhase;
			buildActionMask = 2147483647;
			files = (
			);
			runOnlyForDeploymentPostprocessing = 0;
		};
		C47E2C451F5AA3BE0001BC8A /* Frameworks */ = {
			isa = PBXFrameworksBuildPhase;
			buildActionMask = 2147483647;
			files = (
			);
			runOnlyForDeploymentPostprocessing = 0;
		};
/* End PBXFrameworksBuildPhase section */

/* Begin PBXGroup section */
		C47E2C1A1F5AA3BE0001BC8A = {
			isa = PBXGroup;
			children = (
				C47E2C251F5AA3BE0001BC8A /* Jack The Giant */,
				C47E2CAA1F5B03110001BC8A /* Game Classes */,
				C47E2CA71F5AFFE40001BC8A /* Scenes */,
				C47E2C5A1F5AA4A60001BC8A /* Assets */,
				C47E2C401F5AA3BE0001BC8A /* Jack The GiantTests */,
				C47E2C4B1F5AA3BE0001BC8A /* Jack The GiantUITests */,
				C47E2C241F5AA3BE0001BC8A /* Products */,
			);
			sourceTree = "<group>";
		};
		C47E2C241F5AA3BE0001BC8A /* Products */ = {
			isa = PBXGroup;
			children = (
				C47E2C231F5AA3BE0001BC8A /* Jack The Giant.app */,
				C47E2C3D1F5AA3BE0001BC8A /* Jack The GiantTests.xctest */,
				C47E2C481F5AA3BE0001BC8A /* Jack The GiantUITests.xctest */,
			);
			name = Products;
			sourceTree = "<group>";
		};
		C47E2C251F5AA3BE0001BC8A /* Jack The Giant */ = {
			isa = PBXGroup;
			children = (
				C47E2C261F5AA3BE0001BC8A /* AppDelegate.swift */,
				C47E2C281F5AA3BE0001BC8A /* GameScene.sks */,
				C47E2C2A1F5AA3BE0001BC8A /* Actions.sks */,
				C47E2C2C1F5AA3BE0001BC8A /* GameScene.swift */,
				C47E2C2E1F5AA3BE0001BC8A /* GameViewController.swift */,
				C47E2C301F5AA3BE0001BC8A /* Main.storyboard */,
				C47E2C331F5AA3BE0001BC8A /* Assets.xcassets */,
				C47E2C351F5AA3BE0001BC8A /* LaunchScreen.storyboard */,
				C47E2C381F5AA3BE0001BC8A /* Info.plist */,
			);
			path = "Jack The Giant";
			sourceTree = "<group>";
		};
		C47E2C401F5AA3BE0001BC8A /* Jack The GiantTests */ = {
			isa = PBXGroup;
			children = (
				C47E2C411F5AA3BE0001BC8A /* Jack_The_GiantTests.swift */,
				C47E2C431F5AA3BE0001BC8A /* Info.plist */,
			);
			path = "Jack The GiantTests";
			sourceTree = "<group>";
		};
		C47E2C4B1F5AA3BE0001BC8A /* Jack The GiantUITests */ = {
			isa = PBXGroup;
			children = (
				C47E2C4C1F5AA3BE0001BC8A /* Jack_The_GiantUITests.swift */,
				C47E2C4E1F5AA3BE0001BC8A /* Info.plist */,
			);
			path = "Jack The GiantUITests";
			sourceTree = "<group>";
		};
		C47E2C5A1F5AA4A60001BC8A /* Assets */ = {
			isa = PBXGroup;
			children = (
				C41D70911F5BE24E0095727C /* Player.atlas */,
				C47E2CB01F5B04F00001BC8A /* Player */,
				C47E2C5B1F5AA4D90001BC8A /* 1 - Pause Panel And Buttons */,
				C47E2C601F5AA4D90001BC8A /* 2 - Collectables */,
				C47E2C631F5AA4D90001BC8A /* 4 - Clouds */,
				C47E2C681F5AA4D90001BC8A /* 5 - Fonts */,
				C47E2C6A1F5AA4D90001BC8A /* 6 - Music */,
				C47E2C6F1F5AA4D90001BC8A /* 7 - Backgrounds */,
				C47E2C741F5AA4D90001BC8A /* 8 - Buttons */,
			);
			name = Assets;
			sourceTree = "<group>";
		};
		C47E2C5B1F5AA4D90001BC8A /* 1 - Pause Panel And Buttons */ = {
			isa = PBXGroup;
			children = (
				C47E2C5C1F5AA4D90001BC8A /* Pause Menu.png */,
				C47E2C5D1F5AA4D90001BC8A /* Quit Button 2.png */,
				C47E2C5E1F5AA4D90001BC8A /* Resume Button.png */,
				C47E2C5F1F5AA4D90001BC8A /* Show Score.png */,
			);
			path = "1 - Pause Panel And Buttons";
			sourceTree = "<group>";
		};
		C47E2C601F5AA4D90001BC8A /* 2 - Collectables */ = {
			isa = PBXGroup;
			children = (
				C47E2C611F5AA4D90001BC8A /* Coin.png */,
				C47E2C621F5AA4D90001BC8A /* Life.png */,
			);
			path = "2 - Collectables";
			sourceTree = "<group>";
		};
		C47E2C631F5AA4D90001BC8A /* 4 - Clouds */ = {
			isa = PBXGroup;
			children = (
				C47E2C641F5AA4D90001BC8A /* Cloud 1.png */,
				C47E2C651F5AA4D90001BC8A /* Cloud 2.png */,
				C47E2C661F5AA4D90001BC8A /* Cloud 3.png */,
				C47E2C671F5AA4D90001BC8A /* Dark Cloud.png */,
			);
			path = "4 - Clouds";
			sourceTree = "<group>";
		};
		C47E2C681F5AA4D90001BC8A /* 5 - Fonts */ = {
			isa = PBXGroup;
			children = (
				C47E2C691F5AA4D90001BC8A /* blow.ttf */,
			);
			path = "5 - Fonts";
			sourceTree = "<group>";
		};
		C47E2C6A1F5AA4D90001BC8A /* 6 - Music */ = {
			isa = PBXGroup;
			children = (
				C47E2C6B1F5AA4D90001BC8A /* Background music.mp3 */,
				C47E2C6C1F5AA4D90001BC8A /* Click Sound.wav */,
				C47E2C6D1F5AA4D90001BC8A /* Coin Sound.wav */,
				C47E2C6E1F5AA4D90001BC8A /* Life Sound.wav */,
			);
			path = "6 - Music";
			sourceTree = "<group>";
		};
		C47E2C6F1F5AA4D90001BC8A /* 7 - Backgrounds */ = {
			isa = PBXGroup;
			children = (
				C47E2C701F5AA4D90001BC8A /* Game BG.png */,
				C47E2C711F5AA4D90001BC8A /* Highscore BG.png */,
				C47E2C721F5AA4D90001BC8A /* Menu BG.png */,
				C47E2C731F5AA4D90001BC8A /* Options BG.png */,
			);
			path = "7 - Backgrounds";
			sourceTree = "<group>";
		};
		C47E2C741F5AA4D90001BC8A /* 8 - Buttons */ = {
			isa = PBXGroup;
			children = (
				C47E2C751F5AA4D90001BC8A /* 1 - Gameplay Buttons */,
				C47E2C791F5AA4D90001BC8A /* 2 - Options Buttons */,
				C47E2C7F1F5AA4D90001BC8A /* 3 - Main Menu Buttons */,
			);
			path = "8 - Buttons";
			sourceTree = "<group>";
		};
		C47E2C751F5AA4D90001BC8A /* 1 - Gameplay Buttons */ = {
			isa = PBXGroup;
			children = (
				C47E2C761F5AA4D90001BC8A /* Pause Button.png */,
				C47E2C771F5AA4D90001BC8A /* Ready.png */,
				C47E2C781F5AA4D90001BC8A /* Score.png */,
			);
			path = "1 - Gameplay Buttons";
			sourceTree = "<group>";
		};
		C47E2C791F5AA4D90001BC8A /* 2 - Options Buttons */ = {
			isa = PBXGroup;
			children = (
				C47E2C7A1F5AA4D90001BC8A /* Back Button.png */,
				C47E2C7B1F5AA4D90001BC8A /* Check Sign.png */,
				C47E2C7C1F5AA4D90001BC8A /* Easy Button.png */,
				C47E2C7D1F5AA4D90001BC8A /* Hard Button.png */,
				C47E2C7E1F5AA4D90001BC8A /* Medium Button.png */,
			);
			path = "2 - Options Buttons";
			sourceTree = "<group>";
		};
		C47E2C7F1F5AA4D90001BC8A /* 3 - Main Menu Buttons */ = {
			isa = PBXGroup;
			children = (
				C47E2C801F5AA4D90001BC8A /* Highscore Button.png */,
				C47E2C811F5AA4D90001BC8A /* Music Off Button.png */,
				C47E2C821F5AA4D90001BC8A /* Music On Button.png */,
				C47E2C831F5AA4D90001BC8A /* Options Button.png */,
				C47E2C841F5AA4D90001BC8A /* Quit Button.png */,
				C47E2C851F5AA4D90001BC8A /* Start Game Button.png */,
			);
			path = "3 - Main Menu Buttons";
			sourceTree = "<group>";
		};
		C47E2CA71F5AFFE40001BC8A /* Scenes */ = {
			isa = PBXGroup;
			children = (
				C47E2CA81F5B00310001BC8A /* GameplayScene.sks */,
			);
			name = Scenes;
			sourceTree = "<group>";
		};
		C47E2CAA1F5B03110001BC8A /* Game Classes */ = {
			isa = PBXGroup;
			children = (
				C47E2CC11F5B0D820001BC8A /* Player Class */,
				C47E2CAB1F5B03190001BC8A /* Scene Classes */,
			);
			name = "Game Classes";
			sourceTree = "<group>";
		};
		C47E2CAB1F5B03190001BC8A /* Scene Classes */ = {
			isa = PBXGroup;
			children = (
				C47E2CAC1F5B03430001BC8A /* GameplayScene.swift */,
			);
			name = "Scene Classes";
			sourceTree = "<group>";
		};
		C47E2CB01F5B04F00001BC8A /* Player */ = {
			isa = PBXGroup;
			children = (
				C47E2CB11F5B05040001BC8A /* Player 1.png */,
				C47E2CB21F5B05040001BC8A /* Player 2.png */,
				C47E2CB31F5B05040001BC8A /* Player 3.png */,
				C47E2CB41F5B05040001BC8A /* Player 4.png */,
				C47E2CB51F5B05040001BC8A /* Player 5.png */,
				C47E2CB61F5B05040001BC8A /* Player 6.png */,
				C47E2CB71F5B05040001BC8A /* Player 7.png */,
				C47E2CB81F5B05040001BC8A /* Player 8.png */,
			);
			name = Player;
			sourceTree = "<group>";
		};
		C47E2CC11F5B0D820001BC8A /* Player Class */ = {
			isa = PBXGroup;
			children = (
				C47E2CC21F5B0D940001BC8A /* Player.swift */,
			);
			name = "Player Class";
			sourceTree = "<group>";
		};
/* End PBXGroup section */

/* Begin PBXNativeTarget section */
		C47E2C221F5AA3BE0001BC8A /* Jack The Giant */ = {
			isa = PBXNativeTarget;
			buildConfigurationList = C47E2C511F5AA3BE0001BC8A /* Build configuration list for PBXNativeTarget "Jack The Giant" */;
			buildPhases = (
				C47E2C1F1F5AA3BE0001BC8A /* Sources */,
				C47E2C201F5AA3BE0001BC8A /* Frameworks */,
				C47E2C211F5AA3BE0001BC8A /* Resources */,
			);
			buildRules = (
			);
			dependencies = (
			);
			name = "Jack The Giant";
			productName = "Jack The Giant";
			productReference = C47E2C231F5AA3BE0001BC8A /* Jack The Giant.app */;
			productType = "com.apple.product-type.application";
		};
		C47E2C3C1F5AA3BE0001BC8A /* Jack The GiantTests */ = {
			isa = PBXNativeTarget;
			buildConfigurationList = C47E2C541F5AA3BE0001BC8A /* Build configuration list for PBXNativeTarget "Jack The GiantTests" */;
			buildPhases = (
				C47E2C391F5AA3BE0001BC8A /* Sources */,
				C47E2C3A1F5AA3BE0001BC8A /* Frameworks */,
				C47E2C3B1F5AA3BE0001BC8A /* Resources */,
			);
			buildRules = (
			);
			dependencies = (
				C47E2C3F1F5AA3BE0001BC8A /* PBXTargetDependency */,
			);
			name = "Jack The GiantTests";
			productName = "Jack The GiantTests";
			productReference = C47E2C3D1F5AA3BE0001BC8A /* Jack The GiantTests.xctest */;
			productType = "com.apple.product-type.bundle.unit-test";
		};
		C47E2C471F5AA3BE0001BC8A /* Jack The GiantUITests */ = {
			isa = PBXNativeTarget;
			buildConfigurationList = C47E2C571F5AA3BE0001BC8A /* Build configuration list for PBXNativeTarget "Jack The GiantUITests" */;
			buildPhases = (
				C47E2C441F5AA3BE0001BC8A /* Sources */,
				C47E2C451F5AA3BE0001BC8A /* Frameworks */,
				C47E2C461F5AA3BE0001BC8A /* Resources */,
			);
			buildRules = (
			);
			dependencies = (
				C47E2C4A1F5AA3BE0001BC8A /* PBXTargetDependency */,
			);
			name = "Jack The GiantUITests";
			productName = "Jack The GiantUITests";
			productReference = C47E2C481F5AA3BE0001BC8A /* Jack The GiantUITests.xctest */;
			productType = "com.apple.product-type.bundle.ui-testing";
		};
/* End PBXNativeTarget section */

/* Begin PBXProject section */
		C47E2C1B1F5AA3BE0001BC8A /* Project object */ = {
			isa = PBXProject;
			attributes = {
				LastSwiftUpdateCheck = 0830;
				LastUpgradeCheck = 0830;
				ORGANIZATIONNAME = "Andrew Pierov";
				TargetAttributes = {
					C47E2C221F5AA3BE0001BC8A = {
						CreatedOnToolsVersion = 8.3.3;
						DevelopmentTeam = D78WMMDUL6;
						ProvisioningStyle = Automatic;
					};
					C47E2C3C1F5AA3BE0001BC8A = {
						CreatedOnToolsVersion = 8.3.3;
						DevelopmentTeam = D78WMMDUL6;
						ProvisioningStyle = Automatic;
						TestTargetID = C47E2C221F5AA3BE0001BC8A;
					};
					C47E2C471F5AA3BE0001BC8A = {
						CreatedOnToolsVersion = 8.3.3;
						DevelopmentTeam = D78WMMDUL6;
						ProvisioningStyle = Automatic;
						TestTargetID = C47E2C221F5AA3BE0001BC8A;
					};
				};
			};
			buildConfigurationList = C47E2C1E1F5AA3BE0001BC8A /* Build configuration list for PBXProject "Jack The Giant" */;
			compatibilityVersion = "Xcode 3.2";
			developmentRegion = English;
			hasScannedForEncodings = 0;
			knownRegions = (
				en,
				Base,
			);
			mainGroup = C47E2C1A1F5AA3BE0001BC8A;
			productRefGroup = C47E2C241F5AA3BE0001BC8A /* Products */;
			projectDirPath = "";
			projectRoot = "";
			targets = (
				C47E2C221F5AA3BE0001BC8A /* Jack The Giant */,
				C47E2C3C1F5AA3BE0001BC8A /* Jack The GiantTests */,
				C47E2C471F5AA3BE0001BC8A /* Jack The GiantUITests */,
			);
		};
/* End PBXProject section */

/* Begin PBXResourcesBuildPhase section */
		C47E2C211F5AA3BE0001BC8A /* Resources */ = {
			isa = PBXResourcesBuildPhase;
			buildActionMask = 2147483647;
			files = (
				C47E2CA61F5AA4D90001BC8A /* Start Game Button.png in Resources */,
				C47E2CBF1F5B05040001BC8A /* Player 7.png in Resources */,
				C47E2C861F5AA4D90001BC8A /* Pause Menu.png in Resources */,
				C47E2CA01F5AA4D90001BC8A /* Medium Button.png in Resources */,
				C47E2C881F5AA4D90001BC8A /* Resume Button.png in Resources */,
				C47E2C9E1F5AA4D90001BC8A /* Easy Button.png in Resources */,
				C47E2CBB1F5B05040001BC8A /* Player 3.png in Resources */,
				C47E2C8A1F5AA4D90001BC8A /* Coin.png in Resources */,
				C47E2CA51F5AA4D90001BC8A /* Quit Button.png in Resources */,
				C47E2C951F5AA4D90001BC8A /* Game BG.png in Resources */,
				C47E2C871F5AA4D90001BC8A /* Quit Button 2.png in Resources */,
				C47E2C8F1F5AA4D90001BC8A /* Dark Cloud.png in Resources */,
				C41D70921F5BE24E0095727C /* Player.atlas in Resources */,
				C47E2C9B1F5AA4D90001BC8A /* Score.png in Resources */,
				C47E2C9D1F5AA4D90001BC8A /* Check Sign.png in Resources */,
				C47E2C8E1F5AA4D90001BC8A /* Cloud 3.png in Resources */,
				C47E2C8B1F5AA4D90001BC8A /* Life.png in Resources */,
				C47E2C911F5AA4D90001BC8A /* Background music.mp3 in Resources */,
				C47E2CA41F5AA4D90001BC8A /* Options Button.png in Resources */,
				C47E2CBE1F5B05040001BC8A /* Player 6.png in Resources */,
				C47E2CBD1F5B05040001BC8A /* Player 5.png in Resources */,
				C47E2C9A1F5AA4D90001BC8A /* Ready.png in Resources */,
				C47E2C921F5AA4D90001BC8A /* Click Sound.wav in Resources */,
				C47E2C891F5AA4D90001BC8A /* Show Score.png in Resources */,
				C47E2C901F5AA4D90001BC8A /* blow.ttf in Resources */,
				C47E2C941F5AA4D90001BC8A /* Life Sound.wav in Resources */,
				C47E2C321F5AA3BE0001BC8A /* Main.storyboard in Resources */,
				C47E2CBC1F5B05040001BC8A /* Player 4.png in Resources */,
				C47E2CA91F5B00310001BC8A /* GameplayScene.sks in Resources */,
				C47E2C8D1F5AA4D90001BC8A /* Cloud 2.png in Resources */,
				C47E2C971F5AA4D90001BC8A /* Menu BG.png in Resources */,
				C47E2CA31F5AA4D90001BC8A /* Music On Button.png in Resources */,
				C47E2C291F5AA3BE0001BC8A /* GameScene.sks in Resources */,
				C47E2C961F5AA4D90001BC8A /* Highscore BG.png in Resources */,
				C47E2C341F5AA3BE0001BC8A /* Assets.xcassets in Resources */,
				C47E2C9F1F5AA4D90001BC8A /* Hard Button.png in Resources */,
				C47E2CA21F5AA4D90001BC8A /* Music Off Button.png in Resources */,
				C47E2C931F5AA4D90001BC8A /* Coin Sound.wav in Resources */,
				C47E2C371F5AA3BE0001BC8A /* LaunchScreen.storyboard in Resources */,
				C47E2C8C1F5AA4D90001BC8A /* Cloud 1.png in Resources */,
				C47E2C981F5AA4D90001BC8A /* Options BG.png in Resources */,
				C47E2C991F5AA4D90001BC8A /* Pause Button.png in Resources */,
				C47E2CBA1F5B05040001BC8A /* Player 2.png in Resources */,
				C47E2C2B1F5AA3BE0001BC8A /* Actions.sks in Resources */,
				C47E2CB91F5B05040001BC8A /* Player 1.png in Resources */,
				C47E2CC01F5B05040001BC8A /* Player 8.png in Resources */,
				C47E2CA11F5AA4D90001BC8A /* Highscore Button.png in Resources */,
				C47E2C9C1F5AA4D90001BC8A /* Back Button.png in Resources */,
			);
			runOnlyForDeploymentPostprocessing = 0;
		};
		C47E2C3B1F5AA3BE0001BC8A /* Resources */ = {
			isa = PBXResourcesBuildPhase;
			buildActionMask = 2147483647;
			files = (
			);
			runOnlyForDeploymentPostprocessing = 0;
		};
		C47E2C461F5AA3BE0001BC8A /* Resources */ = {
			isa = PBXResourcesBuildPhase;
			buildActionMask = 2147483647;
			files = (
			);
			runOnlyForDeploymentPostprocessing = 0;
		};
/* End PBXResourcesBuildPhase section */

/* Begin PBXSourcesBuildPhase section */
		C47E2C1F1F5AA3BE0001BC8A /* Sources */ = {
			isa = PBXSourcesBuildPhase;
			buildActionMask = 2147483647;
			files = (
				C47E2CAD1F5B03430001BC8A /* GameplayScene.swift in Sources */,
				C47E2C2D1F5AA3BE0001BC8A /* GameScene.swift in Sources */,
				C47E2C2F1F5AA3BE0001BC8A /* GameViewController.swift in Sources */,
				C47E2CC31F5B0D940001BC8A /* Player.swift in Sources */,
				C47E2C271F5AA3BE0001BC8A /* AppDelegate.swift in Sources */,
			);
			runOnlyForDeploymentPostprocessing = 0;
		};
		C47E2C391F5AA3BE0001BC8A /* Sources */ = {
			isa = PBXSourcesBuildPhase;
			buildActionMask = 2147483647;
			files = (
				C47E2C421F5AA3BE0001BC8A /* Jack_The_GiantTests.swift in Sources */,
			);
			runOnlyForDeploymentPostprocessing = 0;
		};
		C47E2C441F5AA3BE0001BC8A /* Sources */ = {
			isa = PBXSourcesBuildPhase;
			buildActionMask = 2147483647;
			files = (
				C47E2C4D1F5AA3BE0001BC8A /* Jack_The_GiantUITests.swift in Sources */,
			);
			runOnlyForDeploymentPostprocessing = 0;
		};
/* End PBXSourcesBuildPhase section */

/* Begin PBXTargetDependency section */
		C47E2C3F1F5AA3BE0001BC8A /* PBXTargetDependency */ = {
			isa = PBXTargetDependency;
			target = C47E2C221F5AA3BE0001BC8A /* Jack The Giant */;
			targetProxy = C47E2C3E1F5AA3BE0001BC8A /* PBXContainerItemProxy */;
		};
		C47E2C4A1F5AA3BE0001BC8A /* PBXTargetDependency */ = {
			isa = PBXTargetDependency;
			target = C47E2C221F5AA3BE0001BC8A /* Jack The Giant */;
			targetProxy = C47E2C491F5AA3BE0001BC8A /* PBXContainerItemProxy */;
		};
/* End PBXTargetDependency section */

/* Begin PBXVariantGroup section */
		C47E2C301F5AA3BE0001BC8A /* Main.storyboard */ = {
			isa = PBXVariantGroup;
			children = (
				C47E2C311F5AA3BE0001BC8A /* Base */,
			);
			name = Main.storyboard;
			sourceTree = "<group>";
		};
		C47E2C351F5AA3BE0001BC8A /* LaunchScreen.storyboard */ = {
			isa = PBXVariantGroup;
			children = (
				C47E2C361F5AA3BE0001BC8A /* Base */,
			);
			name = LaunchScreen.storyboard;
			sourceTree = "<group>";
		};
/* End PBXVariantGroup section */

/* Begin XCBuildConfiguration section */
		C47E2C4F1F5AA3BE0001BC8A /* Debug */ = {
			isa = XCBuildConfiguration;
			buildSettings = {
				ALWAYS_SEARCH_USER_PATHS = NO;
				CLANG_ANALYZER_NONNULL = YES;
				CLANG_ANALYZER_NUMBER_OBJECT_CONVERSION = YES_AGGRESSIVE;
				CLANG_CXX_LANGUAGE_STANDARD = "gnu++0x";
				CLANG_CXX_LIBRARY = "libc++";
				CLANG_ENABLE_MODULES = YES;
				CLANG_ENABLE_OBJC_ARC = YES;
				CLANG_WARN_BOOL_CONVERSION = YES;
				CLANG_WARN_CONSTANT_CONVERSION = YES;
				CLANG_WARN_DIRECT_OBJC_ISA_USAGE = YES_ERROR;
				CLANG_WARN_DOCUMENTATION_COMMENTS = YES;
				CLANG_WARN_EMPTY_BODY = YES;
				CLANG_WARN_ENUM_CONVERSION = YES;
				CLANG_WARN_INFINITE_RECURSION = YES;
				CLANG_WARN_INT_CONVERSION = YES;
				CLANG_WARN_OBJC_ROOT_CLASS = YES_ERROR;
				CLANG_WARN_SUSPICIOUS_MOVE = YES;
				CLANG_WARN_UNREACHABLE_CODE = YES;
				CLANG_WARN__DUPLICATE_METHOD_MATCH = YES;
				"CODE_SIGN_IDENTITY[sdk=iphoneos*]" = "iPhone Developer";
				COPY_PHASE_STRIP = NO;
				DEBUG_INFORMATION_FORMAT = dwarf;
				ENABLE_STRICT_OBJC_MSGSEND = YES;
				ENABLE_TESTABILITY = YES;
				GCC_C_LANGUAGE_STANDARD = gnu99;
				GCC_DYNAMIC_NO_PIC = NO;
				GCC_NO_COMMON_BLOCKS = YES;
				GCC_OPTIMIZATION_LEVEL = 0;
				GCC_PREPROCESSOR_DEFINITIONS = (
					"DEBUG=1",
					"$(inherited)",
				);
				GCC_WARN_64_TO_32_BIT_CONVERSION = YES;
				GCC_WARN_ABOUT_RETURN_TYPE = YES_ERROR;
				GCC_WARN_UNDECLARED_SELECTOR = YES;
				GCC_WARN_UNINITIALIZED_AUTOS = YES_AGGRESSIVE;
				GCC_WARN_UNUSED_FUNCTION = YES;
				GCC_WARN_UNUSED_VARIABLE = YES;
				IPHONEOS_DEPLOYMENT_TARGET = 10.3;
				MTL_ENABLE_DEBUG_INFO = YES;
				ONLY_ACTIVE_ARCH = YES;
				SDKROOT = iphoneos;
				SWIFT_ACTIVE_COMPILATION_CONDITIONS = DEBUG;
				SWIFT_OPTIMIZATION_LEVEL = "-Onone";
			};
			name = Debug;
		};
		C47E2C501F5AA3BE0001BC8A /* Release */ = {
			isa = XCBuildConfiguration;
			buildSettings = {
				ALWAYS_SEARCH_USER_PATHS = NO;
				CLANG_ANALYZER_NONNULL = YES;
				CLANG_ANALYZER_NUMBER_OBJECT_CONVERSION = YES_AGGRESSIVE;
				CLANG_CXX_LANGUAGE_STANDARD = "gnu++0x";
				CLANG_CXX_LIBRARY = "libc++";
				CLANG_ENABLE_MODULES = YES;
				CLANG_ENABLE_OBJC_ARC = YES;
				CLANG_WARN_BOOL_CONVERSION = YES;
				CLANG_WARN_CONSTANT_CONVERSION = YES;
				CLANG_WARN_DIRECT_OBJC_ISA_USAGE = YES_ERROR;
				CLANG_WARN_DOCUMENTATION_COMMENTS = YES;
				CLANG_WARN_EMPTY_BODY = YES;
				CLANG_WARN_ENUM_CONVERSION = YES;
				CLANG_WARN_INFINITE_RECURSION = YES;
				CLANG_WARN_INT_CONVERSION = YES;
				CLANG_WARN_OBJC_ROOT_CLASS = YES_ERROR;
				CLANG_WARN_SUSPICIOUS_MOVE = YES;
				CLANG_WARN_UNREACHABLE_CODE = YES;
				CLANG_WARN__DUPLICATE_METHOD_MATCH = YES;
				"CODE_SIGN_IDENTITY[sdk=iphoneos*]" = "iPhone Developer";
				COPY_PHASE_STRIP = NO;
				DEBUG_INFORMATION_FORMAT = "dwarf-with-dsym";
				ENABLE_NS_ASSERTIONS = NO;
				ENABLE_STRICT_OBJC_MSGSEND = YES;
				GCC_C_LANGUAGE_STANDARD = gnu99;
				GCC_NO_COMMON_BLOCKS = YES;
				GCC_WARN_64_TO_32_BIT_CONVERSION = YES;
				GCC_WARN_ABOUT_RETURN_TYPE = YES_ERROR;
				GCC_WARN_UNDECLARED_SELECTOR = YES;
				GCC_WARN_UNINITIALIZED_AUTOS = YES_AGGRESSIVE;
				GCC_WARN_UNUSED_FUNCTION = YES;
				GCC_WARN_UNUSED_VARIABLE = YES;
				IPHONEOS_DEPLOYMENT_TARGET = 10.3;
				MTL_ENABLE_DEBUG_INFO = NO;
				SDKROOT = iphoneos;
				SWIFT_OPTIMIZATION_LEVEL = "-Owholemodule";
				VALIDATE_PRODUCT = YES;
			};
			name = Release;
		};
		C47E2C521F5AA3BE0001BC8A /* Debug */ = {
			isa = XCBuildConfiguration;
			buildSettings = {
				ASSETCATALOG_COMPILER_APPICON_NAME = AppIcon;
				DEVELOPMENT_TEAM = D78WMMDUL6;
				INFOPLIST_FILE = "Jack The Giant/Info.plist";
				LD_RUNPATH_SEARCH_PATHS = "$(inherited) @executable_path/Frameworks";
				PRODUCT_BUNDLE_IDENTIFIER = "com.ap1ter.Jack-The-Giant";
				PRODUCT_NAME = "$(TARGET_NAME)";
				SWIFT_VERSION = 3.0;
			};
			name = Debug;
		};
		C47E2C531F5AA3BE0001BC8A /* Release */ = {
			isa = XCBuildConfiguration;
			buildSettings = {
				ASSETCATALOG_COMPILER_APPICON_NAME = AppIcon;
				DEVELOPMENT_TEAM = D78WMMDUL6;
				INFOPLIST_FILE = "Jack The Giant/Info.plist";
				LD_RUNPATH_SEARCH_PATHS = "$(inherited) @executable_path/Frameworks";
				PRODUCT_BUNDLE_IDENTIFIER = "com.ap1ter.Jack-The-Giant";
				PRODUCT_NAME = "$(TARGET_NAME)";
				SWIFT_VERSION = 3.0;
			};
			name = Release;
		};
		C47E2C551F5AA3BE0001BC8A /* Debug */ = {
			isa = XCBuildConfiguration;
			buildSettings = {
				ALWAYS_EMBED_SWIFT_STANDARD_LIBRARIES = YES;
				BUNDLE_LOADER = "$(TEST_HOST)";
				DEVELOPMENT_TEAM = D78WMMDUL6;
				INFOPLIST_FILE = "Jack The GiantTests/Info.plist";
				LD_RUNPATH_SEARCH_PATHS = "$(inherited) @executable_path/Frameworks @loader_path/Frameworks";
				PRODUCT_BUNDLE_IDENTIFIER = "com.ap1ter.Jack-The-GiantTests";
				PRODUCT_NAME = "$(TARGET_NAME)";
				SWIFT_VERSION = 3.0;
				TEST_HOST = "$(BUILT_PRODUCTS_DIR)/Jack The Giant.app/Jack The Giant";
			};
			name = Debug;
		};
		C47E2C561F5AA3BE0001BC8A /* Release */ = {
			isa = XCBuildConfiguration;
			buildSettings = {
				ALWAYS_EMBED_SWIFT_STANDARD_LIBRARIES = YES;
				BUNDLE_LOADER = "$(TEST_HOST)";
				DEVELOPMENT_TEAM = D78WMMDUL6;
				INFOPLIST_FILE = "Jack The GiantTests/Info.plist";
				LD_RUNPATH_SEARCH_PATHS = "$(inherited) @executable_path/Frameworks @loader_path/Frameworks";
				PRODUCT_BUNDLE_IDENTIFIER = "com.ap1ter.Jack-The-GiantTests";
				PRODUCT_NAME = "$(TARGET_NAME)";
				SWIFT_VERSION = 3.0;
				TEST_HOST = "$(BUILT_PRODUCTS_DIR)/Jack The Giant.app/Jack The Giant";
			};
			name = Release;
		};
		C47E2C581F5AA3BE0001BC8A /* Debug */ = {
			isa = XCBuildConfiguration;
			buildSettings = {
				ALWAYS_EMBED_SWIFT_STANDARD_LIBRARIES = YES;
				DEVELOPMENT_TEAM = D78WMMDUL6;
				INFOPLIST_FILE = "Jack The GiantUITests/Info.plist";
				LD_RUNPATH_SEARCH_PATHS = "$(inherited) @executable_path/Frameworks @loader_path/Frameworks";
				PRODUCT_BUNDLE_IDENTIFIER = "com.ap1ter.Jack-The-GiantUITests";
				PRODUCT_NAME = "$(TARGET_NAME)";
				SWIFT_VERSION = 3.0;
				TEST_TARGET_NAME = "Jack The Giant";
			};
			name = Debug;
		};
		C47E2C591F5AA3BE0001BC8A /* Release */ = {
			isa = XCBuildConfiguration;
			buildSettings = {
				ALWAYS_EMBED_SWIFT_STANDARD_LIBRARIES = YES;
				DEVELOPMENT_TEAM = D78WMMDUL6;
				INFOPLIST_FILE = "Jack The GiantUITests/Info.plist";
				LD_RUNPATH_SEARCH_PATHS = "$(inherited) @executable_path/Frameworks @loader_path/Frameworks";
				PRODUCT_BUNDLE_IDENTIFIER = "com.ap1ter.Jack-The-GiantUITests";
				PRODUCT_NAME = "$(TARGET_NAME)";
				SWIFT_VERSION = 3.0;
				TEST_TARGET_NAME = "Jack The Giant";
			};
			name = Release;
		};
/* End XCBuildConfiguration section */

/* Begin XCConfigurationList section */
		C47E2C1E1F5AA3BE0001BC8A /* Build configuration list for PBXProject "Jack The Giant" */ = {
			isa = XCConfigurationList;
			buildConfigurations = (
				C47E2C4F1F5AA3BE0001BC8A /* Debug */,
				C47E2C501F5AA3BE0001BC8A /* Release */,
			);
			defaultConfigurationIsVisible = 0;
			defaultConfigurationName = Release;
		};
		C47E2C511F5AA3BE0001BC8A /* Build configuration list for PBXNativeTarget "Jack The Giant" */ = {
			isa = XCConfigurationList;
			buildConfigurations = (
				C47E2C521F5AA3BE0001BC8A /* Debug */,
				C47E2C531F5AA3BE0001BC8A /* Release */,
			);
			defaultConfigurationIsVisible = 0;
			defaultConfigurationName = Release;
		};
		C47E2C541F5AA3BE0001BC8A /* Build configuration list for PBXNativeTarget "Jack The GiantTests" */ = {
			isa = XCConfigurationList;
			buildConfigurations = (
				C47E2C551F5AA3BE0001BC8A /* Debug */,
				C47E2C561F5AA3BE0001BC8A /* Release */,
			);
			defaultConfigurationIsVisible = 0;
			defaultConfigurationName = Release;
		};
		C47E2C571F5AA3BE0001BC8A /* Build configuration list for PBXNativeTarget "Jack The GiantUITests" */ = {
			isa = XCConfigurationList;
			buildConfigurations = (
				C47E2C581F5AA3BE0001BC8A /* Debug */,
				C47E2C591F5AA3BE0001BC8A /* Release */,
			);
			defaultConfigurationIsVisible = 0;
			defaultConfigurationName = Release;
		};
/* End XCConfigurationList section */
	};
	rootObject = C47E2C1B1F5AA3BE0001BC8A /* Project object */;
}
